# This file is autogenerated, do not edit; changes may be undone by the next 'dep ensure'.


[[projects]]
  name = "github.com/robfig/cron"
  packages = ["."]
  revision = "2315d5715e36303a941d907f038da7f7c44c773b"

[solve-meta]
  analyzer-name = "dep"
  analyzer-version = 1
  inputs-digest = "2383c47d0942910bc1717d8b3f2bc9e19fd41d926e837eab6c17fdc67a88024f"
  solver-name = "gps-cdcl"
  solver-version = 1
